
Microsoft Visual Studio Solution File, Format Version 12.00
# Visual Studio Version 16
VisualStudioVersion = 16.0.32407.337
MinimumVisualStudioVersion = 10.0.40219.1
Project("{2150E333-8FDC-42A3-9474-1A3956D46DE8}") = "src", "src", "{D67551D0-A1FF-446A-8D46-40DD9DEEBE85}"
EndProject
Project("{2150E333-8FDC-42A3-9474-1A3956D46DE8}") = "Core", "Core", "{5023984F-9077-4723-B359-7876504A74B7}"
EndProject
Project("{FAE04EC0-301F-11D3-BF4B-00C04F79EFBC}") = "P127Onion.Domain", "src\Core\P127Onion.Domain\P127Onion.Domain.csproj", "{D1DFE617-BFC6-40A9-AF84-8A972B93A022}"
EndProject
Project("{FAE04EC0-301F-11D3-BF4B-00C04F79EFBC}") = "P127Onion.Application", "src\Core\P127Onion.Application\P127Onion.Application.csproj", "{03965B7D-0EC4-4C75-BDD5-04BD5F1FE5B9}"
EndProject
Project("{2150E333-8FDC-42A3-9474-1A3956D46DE8}") = "Infrastructure", "Infrastructure", "{4BEFF930-B9F8-431F-9710-444C4A5350A1}"
EndProject
Project("{FAE04EC0-301F-11D3-BF4B-00C04F79EFBC}") = "P127Onion.Persistance", "src\Infrastructure\P127Onion.Persistance\P127Onion.Persistance.csproj", "{58E30A64-C640-44F0-9507-7189C480C230}"
EndProject
Project("{2150E333-8FDC-42A3-9474-1A3956D46DE8}") = "WebAPI", "WebAPI", "{41012A67-812E-4EBA-99C7-ECA4387126DC}"
EndProject
Project("{FAE04EC0-301F-11D3-BF4B-00C04F79EFBC}") = "P127Onion.WebAPI", "src\WebAPI\P127Onion.WebAPI\P127Onion.WebAPI.csproj", "{698FB145-B91F-4957-BC8D-C0C6E72B6BDC}"
EndProject
Global
	GlobalSection(SolutionConfigurationPlatforms) = preSolution
		Debug|Any CPU = Debug|Any CPU
		Release|Any CPU = Release|Any CPU
	EndGlobalSection
	GlobalSection(ProjectConfigurationPlatforms) = postSolution
		{D1DFE617-BFC6-40A9-AF84-8A972B93A022}.Debug|Any CPU.ActiveCfg = Debug|Any CPU
		{D1DFE617-BFC6-40A9-AF84-8A972B93A022}.Debug|Any CPU.Build.0 = Debug|Any CPU
		{D1DFE617-BFC6-40A9-AF84-8A972B93A022}.Release|Any CPU.ActiveCfg = Release|Any CPU
		{D1DFE617-BFC6-40A9-AF84-8A972B93A022}.Release|Any CPU.Build.0 = Release|Any CPU
		{03965B7D-0EC4-4C75-BDD5-04BD5F1FE5B9}.Debug|Any CPU.ActiveCfg = Debug|Any CPU
		{03965B7D-0EC4-4C75-BDD5-04BD5F1FE5B9}.Debug|Any CPU.Build.0 = Debug|Any CPU
		{03965B7D-0EC4-4C75-BDD5-04BD5F1FE5B9}.Release|Any CPU.ActiveCfg = Release|Any CPU
		{03965B7D-0EC4-4C75-BDD5-04BD5F1FE5B9}.Release|Any CPU.Build.0 = Release|Any CPU
		{58E30A64-C640-44F0-9507-7189C480C230}.Debug|Any CPU.ActiveCfg = Debug|Any CPU
		{58E30A64-C640-44F0-9507-7189C480C230}.Debug|Any CPU.Build.0 = Debug|Any CPU
		{58E30A64-C640-44F0-9507-7189C480C230}.Release|Any CPU.ActiveCfg = Release|Any CPU
		{58E30A64-C640-44F0-9507-7189C480C230}.Release|Any CPU.Build.0 = Release|Any CPU
		{698FB145-B91F-4957-BC8D-C0C6E72B6BDC}.Debug|Any CPU.ActiveCfg = Debug|Any CPU
		{698FB145-B91F-4957-BC8D-C0C6E72B6BDC}.Debug|Any CPU.Build.0 = Debug|Any CPU
		{698FB145-B91F-4957-BC8D-C0C6E72B6BDC}.Release|Any CPU.ActiveCfg = Release|Any CPU
		{698FB145-B91F-4957-BC8D-C0C6E72B6BDC}.Release|Any CPU.Build.0 = Release|Any CPU
	EndGlobalSection
	GlobalSection(SolutionProperties) = preSolution
		HideSolutionNode = FALSE
	EndGlobalSection
	GlobalSection(NestedProjects) = preSolution
		{5023984F-9077-4723-B359-7876504A74B7} = {D67551D0-A1FF-446A-8D46-40DD9DEEBE85}
		{D1DFE617-BFC6-40A9-AF84-8A972B93A022} = {5023984F-9077-4723-B359-7876504A74B7}
		{03965B7D-0EC4-4C75-BDD5-04BD5F1FE5B9} = {5023984F-9077-4723-B359-7876504A74B7}
		{4BEFF930-B9F8-431F-9710-444C4A5350A1} = {D67551D0-A1FF-446A-8D46-40DD9DEEBE85}
		{58E30A64-C640-44F0-9507-7189C480C230} = {4BEFF930-B9F8-431F-9710-444C4A5350A1}
		{41012A67-812E-4EBA-99C7-ECA4387126DC} = {D67551D0-A1FF-446A-8D46-40DD9DEEBE85}
		{698FB145-B91F-4957-BC8D-C0C6E72B6BDC} = {41012A67-812E-4EBA-99C7-ECA4387126DC}
	EndGlobalSection
	GlobalSection(ExtensibilityGlobals) = postSolution
		SolutionGuid = {620F8E20-045C-465C-9BBF-44415CF373D1}
	EndGlobalSection
EndGlobal
